
Microsoft Visual Studio Solution File, Format Version 12.00
# Visual Studio Version 16
VisualStudioVersion = 16.0.30320.27
MinimumVisualStudioVersion = 10.0.40219.1
Project("{8BC9CEB8-8B4A-11D0-8D11-00A0C91BC942}") = "BAEKJOON", "BAEKJOON.vcxproj", "{19D37829-B8D0-497B-A1D1-63600A2E920F}"
EndProject
Global
	GlobalSection(SolutionConfigurationPlatforms) = preSolution
		Debug|x64 = Debug|x64
		Debug|x86 = Debug|x86
		Release|x64 = Release|x64
		Release|x86 = Release|x86
	EndGlobalSection
	GlobalSection(ProjectConfigurationPlatforms) = postSolution
		{19D37829-B8D0-497B-A1D1-63600A2E920F}.Debug|x64.ActiveCfg = Debug|x64
		{19D37829-B8D0-497B-A1D1-63600A2E920F}.Debug|x64.Build.0 = Debug|x64
		{19D37829-B8D0-497B-A1D1-63600A2E920F}.Debug|x86.ActiveCfg = Debug|Win32
		{19D37829-B8D0-497B-A1D1-63600A2E920F}.Debug|x86.Build.0 = Debug|Win32
		{19D37829-B8D0-497B-A1D1-63600A2E920F}.Release|x64.ActiveCfg = Release|x64
		{19D37829-B8D0-497B-A1D1-63600A2E920F}.Release|x64.Build.0 = Release|x64
		{19D37829-B8D0-497B-A1D1-63600A2E920F}.Release|x86.ActiveCfg = Release|Win32
		{19D37829-B8D0-497B-A1D1-63600A2E920F}.Release|x86.Build.0 = Release|Win32
	EndGlobalSection
	GlobalSection(SolutionProperties) = preSolution
		HideSolutionNode = FALSE
	EndGlobalSection
	GlobalSection(ExtensibilityGlobals) = postSolution
		SolutionGuid = {2EFE3E29-D119-41A4-8C1C-17D0A634C73A}
	EndGlobalSection
EndGlobal
